// !$*UTF8*$!
{
	archiveVersion = 1;
	classes = {
	};
	objectVersion = 50;
	objects = {

/* Begin PBXBuildFile section */
		4A372DC026EF85730014B009 /* AppDelegate.swift in Sources */ = {isa = PBXBuildFile; fileRef = 4A372DBF26EF85730014B009 /* AppDelegate.swift */; };
		4A372DC226EF85730014B009 /* SceneDelegate.swift in Sources */ = {isa = PBXBuildFile; fileRef = 4A372DC126EF85730014B009 /* SceneDelegate.swift */; };
		4A372DC426EF85730014B009 /* ViewController.swift in Sources */ = {isa = PBXBuildFile; fileRef = 4A372DC326EF85730014B009 /* ViewController.swift */; };
		4A372DC726EF85730014B009 /* Main.storyboard in Resources */ = {isa = PBXBuildFile; fileRef = 4A372DC526EF85730014B009 /* Main.storyboard */; };
		4A372DCA26EF85730014B009 /* CafeBitsNBobs.xcdatamodeld in Sources */ = {isa = PBXBuildFile; fileRef = 4A372DC826EF85730014B009 /* CafeBitsNBobs.xcdatamodeld */; };
		4A372DCC26EF85740014B009 /* Assets.xcassets in Resources */ = {isa = PBXBuildFile; fileRef = 4A372DCB26EF85740014B009 /* Assets.xcassets */; };
		4A372DCF26EF85740014B009 /* LaunchScreen.storyboard in Resources */ = {isa = PBXBuildFile; fileRef = 4A372DCD26EF85740014B009 /* LaunchScreen.storyboard */; };
		4A372DDA26EF85740014B009 /* CafeBitsNBobsTests.swift in Sources */ = {isa = PBXBuildFile; fileRef = 4A372DD926EF85740014B009 /* CafeBitsNBobsTests.swift */; };
		4A372DE526EF85740014B009 /* CafeBitsNBobsUITests.swift in Sources */ = {isa = PBXBuildFile; fileRef = 4A372DE426EF85740014B009 /* CafeBitsNBobsUITests.swift */; };
/* End PBXBuildFile section */

/* Begin PBXContainerItemProxy section */
		4A372DD626EF85740014B009 /* PBXContainerItemProxy */ = {
			isa = PBXContainerItemProxy;
			containerPortal = 4A372DB426EF85730014B009 /* Project object */;
			proxyType = 1;
			remoteGlobalIDString = 4A372DBB26EF85730014B009;
			remoteInfo = CafeBitsNBobs;
		};
		4A372DE126EF85740014B009 /* PBXContainerItemProxy */ = {
			isa = PBXContainerItemProxy;
			containerPortal = 4A372DB426EF85730014B009 /* Project object */;
			proxyType = 1;
			remoteGlobalIDString = 4A372DBB26EF85730014B009;
			remoteInfo = CafeBitsNBobs;
		};
/* End PBXContainerItemProxy section */

/* Begin PBXFileReference section */
		4A372DBC26EF85730014B009 /* CafeBitsNBobs.app */ = {isa = PBXFileReference; explicitFileType = wrapper.application; includeInIndex = 0; path = CafeBitsNBobs.app; sourceTree = BUILT_PRODUCTS_DIR; };
		4A372DBF26EF85730014B009 /* AppDelegate.swift */ = {isa = PBXFileReference; lastKnownFileType = sourcecode.swift; path = AppDelegate.swift; sourceTree = "<group>"; };
		4A372DC126EF85730014B009 /* SceneDelegate.swift */ = {isa = PBXFileReference; lastKnownFileType = sourcecode.swift; path = SceneDelegate.swift; sourceTree = "<group>"; };
		4A372DC326EF85730014B009 /* ViewController.swift */ = {isa = PBXFileReference; lastKnownFileType = sourcecode.swift; path = ViewController.swift; sourceTree = "<group>"; };
		4A372DC626EF85730014B009 /* Base */ = {isa = PBXFileReference; lastKnownFileType = file.storyboard; name = Base; path = Base.lproj/Main.storyboard; sourceTree = "<group>"; };
		4A372DC926EF85730014B009 /* CafeBitsNBobs.xcdatamodel */ = {isa = PBXFileReference; lastKnownFileType = wrapper.xcdatamodel; path = CafeBitsNBobs.xcdatamodel; sourceTree = "<group>"; };
		4A372DCB26EF85740014B009 /* Assets.xcassets */ = {isa = PBXFileReference; lastKnownFileType = folder.assetcatalog; path = Assets.xcassets; sourceTree = "<group>"; };
		4A372DCE26EF85740014B009 /* Base */ = {isa = PBXFileReference; lastKnownFileType = file.storyboard; name = Base; path = Base.lproj/LaunchScreen.storyboard; sourceTree = "<group>"; };
		4A372DD026EF85740014B009 /* Info.plist */ = {isa = PBXFileReference; lastKnownFileType = text.plist.xml; path = Info.plist; sourceTree = "<group>"; };
		4A372DD526EF85740014B009 /* CafeBitsNBobsTests.xctest */ = {isa = PBXFileReference; explicitFileType = wrapper.cfbundle; includeInIndex = 0; path = CafeBitsNBobsTests.xctest; sourceTree = BUILT_PRODUCTS_DIR; };
		4A372DD926EF85740014B009 /* CafeBitsNBobsTests.swift */ = {isa = PBXFileReference; lastKnownFileType = sourcecode.swift; path = CafeBitsNBobsTests.swift; sourceTree = "<group>"; };
		4A372DDB26EF85740014B009 /* Info.plist */ = {isa = PBXFileReference; lastKnownFileType = text.plist.xml; path = Info.plist; sourceTree = "<group>"; };
		4A372DE026EF85740014B009 /* CafeBitsNBobsUITests.xctest */ = {isa = PBXFileReference; explicitFileType = wrapper.cfbundle; includeInIndex = 0; path = CafeBitsNBobsUITests.xctest; sourceTree = BUILT_PRODUCTS_DIR; };
		4A372DE426EF85740014B009 /* CafeBitsNBobsUITests.swift */ = {isa = PBXFileReference; lastKnownFileType = sourcecode.swift; path = CafeBitsNBobsUITests.swift; sourceTree = "<group>"; };
		4A372DE626EF85740014B009 /* Info.plist */ = {isa = PBXFileReference; lastKnownFileType = text.plist.xml; path = Info.plist; sourceTree = "<group>"; };
/* End PBXFileReference section */

/* Begin PBXFrameworksBuildPhase section */
		4A372DB926EF85730014B009 /* Frameworks */ = {
			isa = PBXFrameworksBuildPhase;
			buildActionMask = 2147483647;
			files = (
			);
			runOnlyForDeploymentPostprocessing = 0;
		};
		4A372DD226EF85740014B009 /* Frameworks */ = {
			isa = PBXFrameworksBuildPhase;
			buildActionMask = 2147483647;
			files = (
			);
			runOnlyForDeploymentPostprocessing = 0;
		};
		4A372DDD26EF85740014B009 /* Frameworks */ = {
			isa = PBXFrameworksBuildPhase;
			buildActionMask = 2147483647;
			files = (
			);
			runOnlyForDeploymentPostprocessing = 0;
		};
/* End PBXFrameworksBuildPhase section */

/* Begin PBXGroup section */
		4A372DB326EF85730014B009 = {
			isa = PBXGroup;
			children = (
				4A372DBE26EF85730014B009 /* CafeBitsNBobs */,
				4A372DD826EF85740014B009 /* CafeBitsNBobsTests */,
				4A372DE326EF85740014B009 /* CafeBitsNBobsUITests */,
				4A372DBD26EF85730014B009 /* Products */,
			);
			sourceTree = "<group>";
		};
		4A372DBD26EF85730014B009 /* Products */ = {
			isa = PBXGroup;
			children = (
				4A372DBC26EF85730014B009 /* CafeBitsNBobs.app */,
				4A372DD526EF85740014B009 /* CafeBitsNBobsTests.xctest */,
				4A372DE026EF85740014B009 /* CafeBitsNBobsUITests.xctest */,
			);
			name = Products;
			sourceTree = "<group>";
		};
		4A372DBE26EF85730014B009 /* CafeBitsNBobs */ = {
			isa = PBXGroup;
			children = (
				4A372DBF26EF85730014B009 /* AppDelegate.swift */,
				4A372DC126EF85730014B009 /* SceneDelegate.swift */,
				4A372DC326EF85730014B009 /* ViewController.swift */,
				4A372DC526EF85730014B009 /* Main.storyboard */,
				4A372DCB26EF85740014B009 /* Assets.xcassets */,
				4A372DCD26EF85740014B009 /* LaunchScreen.storyboard */,
				4A372DD026EF85740014B009 /* Info.plist */,
				4A372DC826EF85730014B009 /* CafeBitsNBobs.xcdatamodeld */,
			);
			path = CafeBitsNBobs;
			sourceTree = "<group>";
		};
		4A372DD826EF85740014B009 /* CafeBitsNBobsTests */ = {
			isa = PBXGroup;
			children = (
				4A372DD926EF85740014B009 /* CafeBitsNBobsTests.swift */,
				4A372DDB26EF85740014B009 /* Info.plist */,
			);
			path = CafeBitsNBobsTests;
			sourceTree = "<group>";
		};
		4A372DE326EF85740014B009 /* CafeBitsNBobsUITests */ = {
			isa = PBXGroup;
			children = (
				4A372DE426EF85740014B009 /* CafeBitsNBobsUITests.swift */,
				4A372DE626EF85740014B009 /* Info.plist */,
			);
			path = CafeBitsNBobsUITests;
			sourceTree = "<group>";
		};
/* End PBXGroup section */

/* Begin PBXNativeTarget section */
		4A372DBB26EF85730014B009 /* CafeBitsNBobs */ = {
			isa = PBXNativeTarget;
			buildConfigurationList = 4A372DE926EF85740014B009 /* Build configuration list for PBXNativeTarget "CafeBitsNBobs" */;
			buildPhases = (
				4A372DB826EF85730014B009 /* Sources */,
				4A372DB926EF85730014B009 /* Frameworks */,
				4A372DBA26EF85730014B009 /* Resources */,
			);
			buildRules = (
			);
			dependencies = (
			);
			name = CafeBitsNBobs;
			productName = CafeBitsNBobs;
			productReference = 4A372DBC26EF85730014B009 /* CafeBitsNBobs.app */;
			productType = "com.apple.product-type.application";
		};
		4A372DD426EF85740014B009 /* CafeBitsNBobsTests */ = {
			isa = PBXNativeTarget;
			buildConfigurationList = 4A372DEC26EF85740014B009 /* Build configuration list for PBXNativeTarget "CafeBitsNBobsTests" */;
			buildPhases = (
				4A372DD126EF85740014B009 /* Sources */,
				4A372DD226EF85740014B009 /* Frameworks */,
				4A372DD326EF85740014B009 /* Resources */,
			);
			buildRules = (
			);
			dependencies = (
				4A372DD726EF85740014B009 /* PBXTargetDependency */,
			);
			name = CafeBitsNBobsTests;
			productName = CafeBitsNBobsTests;
			productReference = 4A372DD526EF85740014B009 /* CafeBitsNBobsTests.xctest */;
			productType = "com.apple.product-type.bundle.unit-test";
		};
		4A372DDF26EF85740014B009 /* CafeBitsNBobsUITests */ = {
			isa = PBXNativeTarget;
			buildConfigurationList = 4A372DEF26EF85740014B009 /* Build configuration list for PBXNativeTarget "CafeBitsNBobsUITests" */;
			buildPhases = (
				4A372DDC26EF85740014B009 /* Sources */,
				4A372DDD26EF85740014B009 /* Frameworks */,
				4A372DDE26EF85740014B009 /* Resources */,
			);
			buildRules = (
			);
			dependencies = (
				4A372DE226EF85740014B009 /* PBXTargetDependency */,
			);
			name = CafeBitsNBobsUITests;
			productName = CafeBitsNBobsUITests;
			productReference = 4A372DE026EF85740014B009 /* CafeBitsNBobsUITests.xctest */;
			productType = "com.apple.product-type.bundle.ui-testing";
		};
/* End PBXNativeTarget section */

/* Begin PBXProject section */
		4A372DB426EF85730014B009 /* Project object */ = {
			isa = PBXProject;
			attributes = {
				LastSwiftUpdateCheck = 1250;
				LastUpgradeCheck = 1250;
				TargetAttributes = {
					4A372DBB26EF85730014B009 = {
						CreatedOnToolsVersion = 12.5.1;
					};
					4A372DD426EF85740014B009 = {
						CreatedOnToolsVersion = 12.5.1;
						TestTargetID = 4A372DBB26EF85730014B009;
					};
					4A372DDF26EF85740014B009 = {
						CreatedOnToolsVersion = 12.5.1;
						TestTargetID = 4A372DBB26EF85730014B009;
					};
				};
			};
			buildConfigurationList = 4A372DB726EF85730014B009 /* Build configuration list for PBXProject "CafeBitsNBobs" */;
			compatibilityVersion = "Xcode 9.3";
			developmentRegion = en;
			hasScannedForEncodings = 0;
			knownRegions = (
				en,
				Base,
			);
			mainGroup = 4A372DB326EF85730014B009;
			productRefGroup = 4A372DBD26EF85730014B009 /* Products */;
			projectDirPath = "";
			projectRoot = "";
			targets = (
				4A372DBB26EF85730014B009 /* CafeBitsNBobs */,
				4A372DD426EF85740014B009 /* CafeBitsNBobsTests */,
				4A372DDF26EF85740014B009 /* CafeBitsNBobsUITests */,
			);
		};
/* End PBXProject section */

/* Begin PBXResourcesBuildPhase section */
		4A372DBA26EF85730014B009 /* Resources */ = {
			isa = PBXResourcesBuildPhase;
			buildActionMask = 2147483647;
			files = (
				4A372DCF26EF85740014B009 /* LaunchScreen.storyboard in Resources */,
				4A372DCC26EF85740014B009 /* Assets.xcassets in Resources */,
				4A372DC726EF85730014B009 /* Main.storyboard in Resources */,
			);
			runOnlyForDeploymentPostprocessing = 0;
		};
		4A372DD326EF85740014B009 /* Resources */ = {
			isa = PBXResourcesBuildPhase;
			buildActionMask = 2147483647;
			files = (
			);
			runOnlyForDeploymentPostprocessing = 0;
		};
		4A372DDE26EF85740014B009 /* Resources */ = {
			isa = PBXResourcesBuildPhase;
			buildActionMask = 2147483647;
			files = (
			);
			runOnlyForDeploymentPostprocessing = 0;
		};
/* End PBXResourcesBuildPhase section */

/* Begin PBXSourcesBuildPhase section */
		4A372DB826EF85730014B009 /* Sources */ = {
			isa = PBXSourcesBuildPhase;
			buildActionMask = 2147483647;
			files = (
				4A372DC426EF85730014B009 /* ViewController.swift in Sources */,
				4A372DC026EF85730014B009 /* AppDelegate.swift in Sources */,
				4A372DC226EF85730014B009 /* SceneDelegate.swift in Sources */,
				4A372DCA26EF85730014B009 /* CafeBitsNBobs.xcdatamodeld in Sources */,
			);
			runOnlyForDeploymentPostprocessing = 0;
		};
		4A372DD126EF85740014B009 /* Sources */ = {
			isa = PBXSourcesBuildPhase;
			buildActionMask = 2147483647;
			files = (
				4A372DDA26EF85740014B009 /* CafeBitsNBobsTests.swift in Sources */,
			);
			runOnlyForDeploymentPostprocessing = 0;
		};
		4A372DDC26EF85740014B009 /* Sources */ = {
			isa = PBXSourcesBuildPhase;
			buildActionMask = 2147483647;
			files = (
				4A372DE526EF85740014B009 /* CafeBitsNBobsUITests.swift in Sources */,
			);
			runOnlyForDeploymentPostprocessing = 0;
		};
/* End PBXSourcesBuildPhase section */

/* Begin PBXTargetDependency section */
		4A372DD726EF85740014B009 /* PBXTargetDependency */ = {
			isa = PBXTargetDependency;
			target = 4A372DBB26EF85730014B009 /* CafeBitsNBobs */;
			targetProxy = 4A372DD626EF85740014B009 /* PBXContainerItemProxy */;
		};
		4A372DE226EF85740014B009 /* PBXTargetDependency */ = {
			isa = PBXTargetDependency;
			target = 4A372DBB26EF85730014B009 /* CafeBitsNBobs */;
			targetProxy = 4A372DE126EF85740014B009 /* PBXContainerItemProxy */;
		};
/* End PBXTargetDependency section */

/* Begin PBXVariantGroup section */
		4A372DC526EF85730014B009 /* Main.storyboard */ = {
			isa = PBXVariantGroup;
			children = (
				4A372DC626EF85730014B009 /* Base */,
			);
			name = Main.storyboard;
			sourceTree = "<group>";
		};
		4A372DCD26EF85740014B009 /* LaunchScreen.storyboard */ = {
			isa = PBXVariantGroup;
			children = (
				4A372DCE26EF85740014B009 /* Base */,
			);
			name = LaunchScreen.storyboard;
			sourceTree = "<group>";
		};
/* End PBXVariantGroup section */

/* Begin XCBuildConfiguration section */
		4A372DE726EF85740014B009 /* Debug */ = {
			isa = XCBuildConfiguration;
			buildSettings = {
				ALWAYS_SEARCH_USER_PATHS = NO;
				CLANG_ANALYZER_NONNULL = YES;
				CLANG_ANALYZER_NUMBER_OBJECT_CONVERSION = YES_AGGRESSIVE;
				CLANG_CXX_LANGUAGE_STANDARD = "gnu++14";
				CLANG_CXX_LIBRARY = "libc++";
				CLANG_ENABLE_MODULES = YES;
				CLANG_ENABLE_OBJC_ARC = YES;
				CLANG_ENABLE_OBJC_WEAK = YES;
				CLANG_WARN_BLOCK_CAPTURE_AUTORELEASING = YES;
				CLANG_WARN_BOOL_CONVERSION = YES;
				CLANG_WARN_COMMA = YES;
				CLANG_WARN_CONSTANT_CONVERSION = YES;
				CLANG_WARN_DEPRECATED_OBJC_IMPLEMENTATIONS = YES;
				CLANG_WARN_DIRECT_OBJC_ISA_USAGE = YES_ERROR;
				CLANG_WARN_DOCUMENTATION_COMMENTS = YES;
				CLANG_WARN_EMPTY_BODY = YES;
				CLANG_WARN_ENUM_CONVERSION = YES;
				CLANG_WARN_INFINITE_RECURSION = YES;
				CLANG_WARN_INT_CONVERSION = YES;
				CLANG_WARN_NON_LITERAL_NULL_CONVERSION = YES;
				CLANG_WARN_OBJC_IMPLICIT_RETAIN_SELF = YES;
				CLANG_WARN_OBJC_LITERAL_CONVERSION = YES;
				CLANG_WARN_OBJC_ROOT_CLASS = YES_ERROR;
				CLANG_WARN_QUOTED_INCLUDE_IN_FRAMEWORK_HEADER = YES;
				CLANG_WARN_RANGE_LOOP_ANALYSIS = YES;
				CLANG_WARN_STRICT_PROTOTYPES = YES;
				CLANG_WARN_SUSPICIOUS_MOVE = YES;
				CLANG_WARN_UNGUARDED_AVAILABILITY = YES_AGGRESSIVE;
				CLANG_WARN_UNREACHABLE_CODE = YES;
				CLANG_WARN__DUPLICATE_METHOD_MATCH = YES;
				COPY_PHASE_STRIP = NO;
				DEBUG_INFORMATION_FORMAT = dwarf;
				ENABLE_STRICT_OBJC_MSGSEND = YES;
				ENABLE_TESTABILITY = YES;
				GCC_C_LANGUAGE_STANDARD = gnu11;
				GCC_DYNAMIC_NO_PIC = NO;
				GCC_NO_COMMON_BLOCKS = YES;
				GCC_OPTIMIZATION_LEVEL = 0;
				GCC_PREPROCESSOR_DEFINITIONS = (
					"DEBUG=1",
					"$(inherited)",
				);
				GCC_WARN_64_TO_32_BIT_CONVERSION = YES;
				GCC_WARN_ABOUT_RETURN_TYPE = YES_ERROR;
				GCC_WARN_UNDECLARED_SELECTOR = YES;
				GCC_WARN_UNINITIALIZED_AUTOS = YES_AGGRESSIVE;
				GCC_WARN_UNUSED_FUNCTION = YES;
				GCC_WARN_UNUSED_VARIABLE = YES;
				IPHONEOS_DEPLOYMENT_TARGET = 14.5;
				MTL_ENABLE_DEBUG_INFO = INCLUDE_SOURCE;
				MTL_FAST_MATH = YES;
				ONLY_ACTIVE_ARCH = YES;
				SDKROOT = iphoneos;
				SWIFT_ACTIVE_COMPILATION_CONDITIONS = DEBUG;
				SWIFT_OPTIMIZATION_LEVEL = "-Onone";
			};
			name = Debug;
		};
		4A372DE826EF85740014B009 /* Release */ = {
			isa = XCBuildConfiguration;
			buildSettings = {
				ALWAYS_SEARCH_USER_PATHS = NO;
				CLANG_ANALYZER_NONNULL = YES;
				CLANG_ANALYZER_NUMBER_OBJECT_CONVERSION = YES_AGGRESSIVE;
				CLANG_CXX_LANGUAGE_STANDARD = "gnu++14";
				CLANG_CXX_LIBRARY = "libc++";
				CLANG_ENABLE_MODULES = YES;
				CLANG_ENABLE_OBJC_ARC = YES;
				CLANG_ENABLE_OBJC_WEAK = YES;
				CLANG_WARN_BLOCK_CAPTURE_AUTORELEASING = YES;
				CLANG_WARN_BOOL_CONVERSION = YES;
				CLANG_WARN_COMMA = YES;
				CLANG_WARN_CONSTANT_CONVERSION = YES;
				CLANG_WARN_DEPRECATED_OBJC_IMPLEMENTATIONS = YES;
				CLANG_WARN_DIRECT_OBJC_ISA_USAGE = YES_ERROR;
				CLANG_WARN_DOCUMENTATION_COMMENTS = YES;
				CLANG_WARN_EMPTY_BODY = YES;
				CLANG_WARN_ENUM_CONVERSION = YES;
				CLANG_WARN_INFINITE_RECURSION = YES;
				CLANG_WARN_INT_CONVERSION = YES;
				CLANG_WARN_NON_LITERAL_NULL_CONVERSION = YES;
				CLANG_WARN_OBJC_IMPLICIT_RETAIN_SELF = YES;
				CLANG_WARN_OBJC_LITERAL_CONVERSION = YES;
				CLANG_WARN_OBJC_ROOT_CLASS = YES_ERROR;
				CLANG_WARN_QUOTED_INCLUDE_IN_FRAMEWORK_HEADER = YES;
				CLANG_WARN_RANGE_LOOP_ANALYSIS = YES;
				CLANG_WARN_STRICT_PROTOTYPES = YES;
				CLANG_WARN_SUSPICIOUS_MOVE = YES;
				CLANG_WARN_UNGUARDED_AVAILABILITY = YES_AGGRESSIVE;
				CLANG_WARN_UNREACHABLE_CODE = YES;
				CLANG_WARN__DUPLICATE_METHOD_MATCH = YES;
				COPY_PHASE_STRIP = NO;
				DEBUG_INFORMATION_FORMAT = "dwarf-with-dsym";
				ENABLE_NS_ASSERTIONS = NO;
				ENABLE_STRICT_OBJC_MSGSEND = YES;
				GCC_C_LANGUAGE_STANDARD = gnu11;
				GCC_NO_COMMON_BLOCKS = YES;
				GCC_WARN_64_TO_32_BIT_CONVERSION = YES;
				GCC_WARN_ABOUT_RETURN_TYPE = YES_ERROR;
				GCC_WARN_UNDECLARED_SELECTOR = YES;
				GCC_WARN_UNINITIALIZED_AUTOS = YES_AGGRESSIVE;
				GCC_WARN_UNUSED_FUNCTION = YES;
				GCC_WARN_UNUSED_VARIABLE = YES;
				IPHONEOS_DEPLOYMENT_TARGET = 14.5;
				MTL_ENABLE_DEBUG_INFO = NO;
				MTL_FAST_MATH = YES;
				SDKROOT = iphoneos;
				SWIFT_COMPILATION_MODE = wholemodule;
				SWIFT_OPTIMIZATION_LEVEL = "-O";
				VALIDATE_PRODUCT = YES;
			};
			name = Release;
		};
		4A372DEA26EF85740014B009 /* Debug */ = {
			isa = XCBuildConfiguration;
			buildSettings = {
				ASSETCATALOG_COMPILER_APPICON_NAME = AppIcon;
				ASSETCATALOG_COMPILER_GLOBAL_ACCENT_COLOR_NAME = AccentColor;
				CODE_SIGN_STYLE = Automatic;
				DEVELOPMENT_TEAM = 26BZ3SPJQF;
				INFOPLIST_FILE = CafeBitsNBobs/Info.plist;
				LD_RUNPATH_SEARCH_PATHS = (
					"$(inherited)",
					"@executable_path/Frameworks",
				);
				PRODUCT_BUNDLE_IDENTIFIER = clc.CafeBitsNBobs;
				PRODUCT_NAME = "$(TARGET_NAME)";
				SWIFT_VERSION = 5.0;
				TARGETED_DEVICE_FAMILY = "1,2";
			};
			name = Debug;
		};
		4A372DEB26EF85740014B009 /* Release */ = {
			isa = XCBuildConfiguration;
			buildSettings = {
				ASSETCATALOG_COMPILER_APPICON_NAME = AppIcon;
				ASSETCATALOG_COMPILER_GLOBAL_ACCENT_COLOR_NAME = AccentColor;
				CODE_SIGN_STYLE = Automatic;
				DEVELOPMENT_TEAM = 26BZ3SPJQF;
				INFOPLIST_FILE = CafeBitsNBobs/Info.plist;
				LD_RUNPATH_SEARCH_PATHS = (
					"$(inherited)",
					"@executable_path/Frameworks",
				);
				PRODUCT_BUNDLE_IDENTIFIER = clc.CafeBitsNBobs;
				PRODUCT_NAME = "$(TARGET_NAME)";
				SWIFT_VERSION = 5.0;
				TARGETED_DEVICE_FAMILY = "1,2";
			};
			name = Release;
		};
		4A372DED26EF85740014B009 /* Debug */ = {
			isa = XCBuildConfiguration;
			buildSettings = {
				ALWAYS_EMBED_SWIFT_STANDARD_LIBRARIES = YES;
				BUNDLE_LOADER = "$(TEST_HOST)";
				CODE_SIGN_STYLE = Automatic;
				DEVELOPMENT_TEAM = 26BZ3SPJQF;
				INFOPLIST_FILE = CafeBitsNBobsTests/Info.plist;
				IPHONEOS_DEPLOYMENT_TARGET = 14.5;
				LD_RUNPATH_SEARCH_PATHS = (
					"$(inherited)",
					"@executable_path/Frameworks",
					"@loader_path/Frameworks",
				);
				PRODUCT_BUNDLE_IDENTIFIER = clc.CafeBitsNBobsTests;
				PRODUCT_NAME = "$(TARGET_NAME)";
				SWIFT_VERSION = 5.0;
				TARGETED_DEVICE_FAMILY = "1,2";
				TEST_HOST = "$(BUILT_PRODUCTS_DIR)/CafeBitsNBobs.app/CafeBitsNBobs";
			};
			name = Debug;
		};
		4A372DEE26EF85740014B009 /* Release */ = {
			isa = XCBuildConfiguration;
			buildSettings = {
				ALWAYS_EMBED_SWIFT_STANDARD_LIBRARIES = YES;
				BUNDLE_LOADER = "$(TEST_HOST)";
				CODE_SIGN_STYLE = Automatic;
				DEVELOPMENT_TEAM = 26BZ3SPJQF;
				INFOPLIST_FILE = CafeBitsNBobsTests/Info.plist;
				IPHONEOS_DEPLOYMENT_TARGET = 14.5;
				LD_RUNPATH_SEARCH_PATHS = (
					"$(inherited)",
					"@executable_path/Frameworks",
					"@loader_path/Frameworks",
				);
				PRODUCT_BUNDLE_IDENTIFIER = clc.CafeBitsNBobsTests;
				PRODUCT_NAME = "$(TARGET_NAME)";
				SWIFT_VERSION = 5.0;
				TARGETED_DEVICE_FAMILY = "1,2";
				TEST_HOST = "$(BUILT_PRODUCTS_DIR)/CafeBitsNBobs.app/CafeBitsNBobs";
			};
			name = Release;
		};
		4A372DF026EF85740014B009 /* Debug */ = {
			isa = XCBuildConfiguration;
			buildSettings = {
				ALWAYS_EMBED_SWIFT_STANDARD_LIBRARIES = YES;
				CODE_SIGN_STYLE = Automatic;
				DEVELOPMENT_TEAM = 26BZ3SPJQF;
				INFOPLIST_FILE = CafeBitsNBobsUITests/Info.plist;
				LD_RUNPATH_SEARCH_PATHS = (
					"$(inherited)",
					"@executable_path/Frameworks",
					"@loader_path/Frameworks",
				);
				PRODUCT_BUNDLE_IDENTIFIER = clc.CafeBitsNBobsUITests;
				PRODUCT_NAME = "$(TARGET_NAME)";
				SWIFT_VERSION = 5.0;
				TARGETED_DEVICE_FAMILY = "1,2";
				TEST_TARGET_NAME = CafeBitsNBobs;
			};
			name = Debug;
		};
		4A372DF126EF85740014B009 /* Release */ = {
			isa = XCBuildConfiguration;
			buildSettings = {
				ALWAYS_EMBED_SWIFT_STANDARD_LIBRARIES = YES;
				CODE_SIGN_STYLE = Automatic;
				DEVELOPMENT_TEAM = 26BZ3SPJQF;
				INFOPLIST_FILE = CafeBitsNBobsUITests/Info.plist;
				LD_RUNPATH_SEARCH_PATHS = (
					"$(inherited)",
					"@executable_path/Frameworks",
					"@loader_path/Frameworks",
				);
				PRODUCT_BUNDLE_IDENTIFIER = clc.CafeBitsNBobsUITests;
				PRODUCT_NAME = "$(TARGET_NAME)";
				SWIFT_VERSION = 5.0;
				TARGETED_DEVICE_FAMILY = "1,2";
				TEST_TARGET_NAME = CafeBitsNBobs;
			};
			name = Release;
		};
/* End XCBuildConfiguration section */

/* Begin XCConfigurationList section */
		4A372DB726EF85730014B009 /* Build configuration list for PBXProject "CafeBitsNBobs" */ = {
			isa = XCConfigurationList;
			buildConfigurations = (
				4A372DE726EF85740014B009 /* Debug */,
				4A372DE826EF85740014B009 /* Release */,
			);
			defaultConfigurationIsVisible = 0;
			defaultConfigurationName = Release;
		};
		4A372DE926EF85740014B009 /* Build configuration list for PBXNativeTarget "CafeBitsNBobs" */ = {
			isa = XCConfigurationList;
			buildConfigurations = (
				4A372DEA26EF85740014B009 /* Debug */,
				4A372DEB26EF85740014B009 /* Release */,
			);
			defaultConfigurationIsVisible = 0;
			defaultConfigurationName = Release;
		};
		4A372DEC26EF85740014B009 /* Build configuration list for PBXNativeTarget "CafeBitsNBobsTests" */ = {
			isa = XCConfigurationList;
			buildConfigurations = (
				4A372DED26EF85740014B009 /* Debug */,
				4A372DEE26EF85740014B009 /* Release */,
			);
			defaultConfigurationIsVisible = 0;
			defaultConfigurationName = Release;
		};
		4A372DEF26EF85740014B009 /* Build configuration list for PBXNativeTarget "CafeBitsNBobsUITests" */ = {
			isa = XCConfigurationList;
			buildConfigurations = (
				4A372DF026EF85740014B009 /* Debug */,
				4A372DF126EF85740014B009 /* Release */,
			);
			defaultConfigurationIsVisible = 0;
			defaultConfigurationName = Release;
		};
/* End XCConfigurationList section */

/* Begin XCVersionGroup section */
		4A372DC826EF85730014B009 /* CafeBitsNBobs.xcdatamodeld */ = {
			isa = XCVersionGroup;
			children = (
				4A372DC926EF85730014B009 /* CafeBitsNBobs.xcdatamodel */,
			);
			currentVersion = 4A372DC926EF85730014B009 /* CafeBitsNBobs.xcdatamodel */;
			path = CafeBitsNBobs.xcdatamodeld;
			sourceTree = "<group>";
			versionGroupType = wrapper.xcdatamodel;
		};
/* End XCVersionGroup section */
	};
	rootObject = 4A372DB426EF85730014B009 /* Project object */;
}
